// !$*UTF8*$!
{
	archiveVersion = 1;
	classes = {
	};
	objectVersion = 50;
	objects = {

/* Begin PBXBuildFile section */
		D96151C5271A297E0064282E /* AppDelegate.swift in Sources */ = {isa = PBXBuildFile; fileRef = D96151C4271A297E0064282E /* AppDelegate.swift */; };
		D96151C7271A297E0064282E /* SceneDelegate.swift in Sources */ = {isa = PBXBuildFile; fileRef = D96151C6271A297E0064282E /* SceneDelegate.swift */; };
		D96151C9271A297E0064282E /* HomeViewController.swift in Sources */ = {isa = PBXBuildFile; fileRef = D96151C8271A297E0064282E /* HomeViewController.swift */; };
		D96151CE271A29800064282E /* Assets.xcassets in Resources */ = {isa = PBXBuildFile; fileRef = D96151CD271A29800064282E /* Assets.xcassets */; };
		D96151D1271A29800064282E /* LaunchScreen.storyboard in Resources */ = {isa = PBXBuildFile; fileRef = D96151CF271A29800064282E /* LaunchScreen.storyboard */; };
		D99BDBE6271A3FAF00C5545B /* StoreKit.framework in Frameworks */ = {isa = PBXBuildFile; fileRef = D99BDBE5271A3FAF00C5545B /* StoreKit.framework */; };
		D99BDBF0271A45A900C5545B /* ProfileViewController.swift in Sources */ = {isa = PBXBuildFile; fileRef = D99BDBEF271A45A900C5545B /* ProfileViewController.swift */; };
		D99BDBF3271A45EC00C5545B /* TabBarViewController.swift in Sources */ = {isa = PBXBuildFile; fileRef = D99BDBF2271A45EC00C5545B /* TabBarViewController.swift */; };
		D99BDBF6271A461600C5545B /* SigninViewController.swift in Sources */ = {isa = PBXBuildFile; fileRef = D99BDBF5271A461600C5545B /* SigninViewController.swift */; };
		D99BDBF8271A462800C5545B /* SignUpViewController.swift in Sources */ = {isa = PBXBuildFile; fileRef = D99BDBF7271A462800C5545B /* SignUpViewController.swift */; };
		D99BDBFA271A464600C5545B /* ViewPostViewController.swift in Sources */ = {isa = PBXBuildFile; fileRef = D99BDBF9271A464600C5545B /* ViewPostViewController.swift */; };
		D99BDBFC271A465200C5545B /* CreateNewPostViewController.swift in Sources */ = {isa = PBXBuildFile; fileRef = D99BDBFB271A465200C5545B /* CreateNewPostViewController.swift */; };
		D99BDBFE271A467D00C5545B /* IAPManager.swift in Sources */ = {isa = PBXBuildFile; fileRef = D99BDBFD271A467D00C5545B /* IAPManager.swift */; };
		D99BDC00271A469000C5545B /* DatabaseManager.swift in Sources */ = {isa = PBXBuildFile; fileRef = D99BDBFF271A469000C5545B /* DatabaseManager.swift */; };
		D99BDC02271A469B00C5545B /* AuthManager.swift in Sources */ = {isa = PBXBuildFile; fileRef = D99BDC01271A469B00C5545B /* AuthManager.swift */; };
		D99BDC04271A46CC00C5545B /* StorageManager.swift in Sources */ = {isa = PBXBuildFile; fileRef = D99BDC03271A46CC00C5545B /* StorageManager.swift */; };
/* End PBXBuildFile section */

/* Begin PBXFileReference section */
		D96151C1271A297E0064282E /* THOUGHTS.app */ = {isa = PBXFileReference; explicitFileType = wrapper.application; includeInIndex = 0; path = THOUGHTS.app; sourceTree = BUILT_PRODUCTS_DIR; };
		D96151C4271A297E0064282E /* AppDelegate.swift */ = {isa = PBXFileReference; lastKnownFileType = sourcecode.swift; path = AppDelegate.swift; sourceTree = "<group>"; };
		D96151C6271A297E0064282E /* SceneDelegate.swift */ = {isa = PBXFileReference; lastKnownFileType = sourcecode.swift; path = SceneDelegate.swift; sourceTree = "<group>"; };
		D96151C8271A297E0064282E /* HomeViewController.swift */ = {isa = PBXFileReference; lastKnownFileType = sourcecode.swift; path = HomeViewController.swift; sourceTree = "<group>"; };
		D96151CD271A29800064282E /* Assets.xcassets */ = {isa = PBXFileReference; lastKnownFileType = folder.assetcatalog; path = Assets.xcassets; sourceTree = "<group>"; };
		D96151D0271A29800064282E /* Base */ = {isa = PBXFileReference; lastKnownFileType = file.storyboard; name = Base; path = Base.lproj/LaunchScreen.storyboard; sourceTree = "<group>"; };
		D96151D2271A29800064282E /* Info.plist */ = {isa = PBXFileReference; lastKnownFileType = text.plist.xml; path = Info.plist; sourceTree = "<group>"; };
		D99BDBE5271A3FAF00C5545B /* StoreKit.framework */ = {isa = PBXFileReference; lastKnownFileType = wrapper.framework; name = StoreKit.framework; path = System/Library/Frameworks/StoreKit.framework; sourceTree = SDKROOT; };
		D99BDBEF271A45A900C5545B /* ProfileViewController.swift */ = {isa = PBXFileReference; lastKnownFileType = sourcecode.swift; path = ProfileViewController.swift; sourceTree = "<group>"; };
		D99BDBF2271A45EC00C5545B /* TabBarViewController.swift */ = {isa = PBXFileReference; lastKnownFileType = sourcecode.swift; path = TabBarViewController.swift; sourceTree = "<group>"; };
		D99BDBF5271A461600C5545B /* SigninViewController.swift */ = {isa = PBXFileReference; lastKnownFileType = sourcecode.swift; path = SigninViewController.swift; sourceTree = "<group>"; };
		D99BDBF7271A462800C5545B /* SignUpViewController.swift */ = {isa = PBXFileReference; lastKnownFileType = sourcecode.swift; path = SignUpViewController.swift; sourceTree = "<group>"; };
		D99BDBF9271A464600C5545B /* ViewPostViewController.swift */ = {isa = PBXFileReference; lastKnownFileType = sourcecode.swift; path = ViewPostViewController.swift; sourceTree = "<group>"; };
		D99BDBFB271A465200C5545B /* CreateNewPostViewController.swift */ = {isa = PBXFileReference; lastKnownFileType = sourcecode.swift; path = CreateNewPostViewController.swift; sourceTree = "<group>"; };
		D99BDBFD271A467D00C5545B /* IAPManager.swift */ = {isa = PBXFileReference; lastKnownFileType = sourcecode.swift; path = IAPManager.swift; sourceTree = "<group>"; };
		D99BDBFF271A469000C5545B /* DatabaseManager.swift */ = {isa = PBXFileReference; lastKnownFileType = sourcecode.swift; path = DatabaseManager.swift; sourceTree = "<group>"; };
		D99BDC01271A469B00C5545B /* AuthManager.swift */ = {isa = PBXFileReference; lastKnownFileType = sourcecode.swift; path = AuthManager.swift; sourceTree = "<group>"; };
		D99BDC03271A46CC00C5545B /* StorageManager.swift */ = {isa = PBXFileReference; lastKnownFileType = sourcecode.swift; path = StorageManager.swift; sourceTree = "<group>"; };
/* End PBXFileReference section */

/* Begin PBXFrameworksBuildPhase section */
		D96151BE271A297E0064282E /* Frameworks */ = {
			isa = PBXFrameworksBuildPhase;
			buildActionMask = 2147483647;
			files = (
				D99BDBE6271A3FAF00C5545B /* StoreKit.framework in Frameworks */,
			);
			runOnlyForDeploymentPostprocessing = 0;
		};
/* End PBXFrameworksBuildPhase section */

/* Begin PBXGroup section */
		D96151B8271A297E0064282E = {
			isa = PBXGroup;
			children = (
				D96151C3271A297E0064282E /* THOUGHTS */,
				D96151C2271A297E0064282E /* Products */,
				D99BDBE4271A3FAF00C5545B /* Frameworks */,
			);
			sourceTree = "<group>";
		};
		D96151C2271A297E0064282E /* Products */ = {
			isa = PBXGroup;
			children = (
				D96151C1271A297E0064282E /* THOUGHTS.app */,
			);
			name = Products;
			sourceTree = "<group>";
		};
		D96151C3271A297E0064282E /* THOUGHTS */ = {
			isa = PBXGroup;
			children = (
				D99BDBEB271A44D800C5545B /* Other */,
				D99BDBEA271A44D200C5545B /* Managers */,
				D99BDBE9271A44C800C5545B /* Controllers */,
				D99BDBE8271A44BD00C5545B /* Views */,
				D99BDBE7271A44AE00C5545B /* Models	 */,
				D96151D2271A29800064282E /* Info.plist */,
			);
			path = THOUGHTS;
			sourceTree = "<group>";
		};
		D99BDBE4271A3FAF00C5545B /* Frameworks */ = {
			isa = PBXGroup;
			children = (
				D99BDBE5271A3FAF00C5545B /* StoreKit.framework */,
			);
			name = Frameworks;
			sourceTree = "<group>";
		};
		D99BDBE7271A44AE00C5545B /* Models	 */ = {
			isa = PBXGroup;
			children = (
			);
			path = "Models\t";
			sourceTree = "<group>";
		};
		D99BDBE8271A44BD00C5545B /* Views */ = {
			isa = PBXGroup;
			children = (
				D96151CF271A29800064282E /* LaunchScreen.storyboard */,
			);
			path = Views;
			sourceTree = "<group>";
		};
		D99BDBE9271A44C800C5545B /* Controllers */ = {
			isa = PBXGroup;
			children = (
				D99BDC05271A509A00C5545B /* Core Tabs  */,
				D99BDC06271A50CC00C5545B /* Auth */,
				D99BDC07271A50DD00C5545B /* Posts */,
			);
			path = Controllers;
			sourceTree = "<group>";
		};
		D99BDBEA271A44D200C5545B /* Managers */ = {
			isa = PBXGroup;
			children = (
				D99BDBFD271A467D00C5545B /* IAPManager.swift */,
				D99BDBFF271A469000C5545B /* DatabaseManager.swift */,
				D99BDC01271A469B00C5545B /* AuthManager.swift */,
				D99BDC03271A46CC00C5545B /* StorageManager.swift */,
			);
			path = Managers;
			sourceTree = "<group>";
		};
		D99BDBEB271A44D800C5545B /* Other */ = {
			isa = PBXGroup;
			children = (
				D96151CD271A29800064282E /* Assets.xcassets */,
				D96151C4271A297E0064282E /* AppDelegate.swift */,
				D96151C6271A297E0064282E /* SceneDelegate.swift */,
			);
			path = Other;
			sourceTree = "<group>";
		};
		D99BDC05271A509A00C5545B /* Core Tabs  */ = {
			isa = PBXGroup;
			children = (
				D96151C8271A297E0064282E /* HomeViewController.swift */,
				D99BDBEF271A45A900C5545B /* ProfileViewController.swift */,
				D99BDBF2271A45EC00C5545B /* TabBarViewController.swift */,
			);
			path = "Core Tabs ";
			sourceTree = "<group>";
		};
		D99BDC06271A50CC00C5545B /* Auth */ = {
			isa = PBXGroup;
			children = (
				D99BDBF5271A461600C5545B /* SigninViewController.swift */,
				D99BDBF7271A462800C5545B /* SignUpViewController.swift */,
			);
			path = Auth;
			sourceTree = "<group>";
		};
		D99BDC07271A50DD00C5545B /* Posts */ = {
			isa = PBXGroup;
			children = (
				D99BDBF9271A464600C5545B /* ViewPostViewController.swift */,
				D99BDBFB271A465200C5545B /* CreateNewPostViewController.swift */,
			);
			path = Posts;
			sourceTree = "<group>";
		};
/* End PBXGroup section */

/* Begin PBXNativeTarget section */
		D96151C0271A297E0064282E /* THOUGHTS */ = {
			isa = PBXNativeTarget;
			buildConfigurationList = D96151D5271A29800064282E /* Build configuration list for PBXNativeTarget "THOUGHTS" */;
			buildPhases = (
				D96151BD271A297E0064282E /* Sources */,
				D96151BE271A297E0064282E /* Frameworks */,
				D96151BF271A297E0064282E /* Resources */,
			);
			buildRules = (
			);
			dependencies = (
			);
			name = THOUGHTS;
			productName = THOUGHTS;
			productReference = D96151C1271A297E0064282E /* THOUGHTS.app */;
			productType = "com.apple.product-type.application";
		};
/* End PBXNativeTarget section */

/* Begin PBXProject section */
		D96151B9271A297E0064282E /* Project object */ = {
			isa = PBXProject;
			attributes = {
				LastSwiftUpdateCheck = 1250;
				LastUpgradeCheck = 1250;
				TargetAttributes = {
					D96151C0271A297E0064282E = {
						CreatedOnToolsVersion = 12.5.1;
					};
				};
			};
			buildConfigurationList = D96151BC271A297E0064282E /* Build configuration list for PBXProject "THOUGHTS" */;
			compatibilityVersion = "Xcode 9.3";
			developmentRegion = en;
			hasScannedForEncodings = 0;
			knownRegions = (
				en,
				Base,
			);
			mainGroup = D96151B8271A297E0064282E;
			productRefGroup = D96151C2271A297E0064282E /* Products */;
			projectDirPath = "";
			projectRoot = "";
			targets = (
				D96151C0271A297E0064282E /* THOUGHTS */,
			);
		};
/* End PBXProject section */

/* Begin PBXResourcesBuildPhase section */
		D96151BF271A297E0064282E /* Resources */ = {
			isa = PBXResourcesBuildPhase;
			buildActionMask = 2147483647;
			files = (
				D96151D1271A29800064282E /* LaunchScreen.storyboard in Resources */,
				D96151CE271A29800064282E /* Assets.xcassets in Resources */,
			);
			runOnlyForDeploymentPostprocessing = 0;
		};
/* End PBXResourcesBuildPhase section */

/* Begin PBXSourcesBuildPhase section */
		D96151BD271A297E0064282E /* Sources */ = {
			isa = PBXSourcesBuildPhase;
			buildActionMask = 2147483647;
			files = (
				D96151C9271A297E0064282E /* HomeViewController.swift in Sources */,
				D99BDC02271A469B00C5545B /* AuthManager.swift in Sources */,
				D99BDC00271A469000C5545B /* DatabaseManager.swift in Sources */,
				D99BDBF8271A462800C5545B /* SignUpViewController.swift in Sources */,
				D96151C5271A297E0064282E /* AppDelegate.swift in Sources */,
				D99BDBF6271A461600C5545B /* SigninViewController.swift in Sources */,
				D99BDBF0271A45A900C5545B /* ProfileViewController.swift in Sources */,
				D99BDBFC271A465200C5545B /* CreateNewPostViewController.swift in Sources */,
				D99BDBFE271A467D00C5545B /* IAPManager.swift in Sources */,
				D99BDBF3271A45EC00C5545B /* TabBarViewController.swift in Sources */,
				D96151C7271A297E0064282E /* SceneDelegate.swift in Sources */,
				D99BDBFA271A464600C5545B /* ViewPostViewController.swift in Sources */,
				D99BDC04271A46CC00C5545B /* StorageManager.swift in Sources */,
			);
			runOnlyForDeploymentPostprocessing = 0;
		};
/* End PBXSourcesBuildPhase section */

/* Begin PBXVariantGroup section */
		D96151CF271A29800064282E /* LaunchScreen.storyboard */ = {
			isa = PBXVariantGroup;
			children = (
				D96151D0271A29800064282E /* Base */,
			);
			name = LaunchScreen.storyboard;
			sourceTree = "<group>";
		};
/* End PBXVariantGroup section */

/* Begin XCBuildConfiguration section */
		D96151D3271A29800064282E /* Debug */ = {
			isa = XCBuildConfiguration;
			buildSettings = {
				ALWAYS_SEARCH_USER_PATHS = NO;
				CLANG_ANALYZER_NONNULL = YES;
				CLANG_ANALYZER_NUMBER_OBJECT_CONVERSION = YES_AGGRESSIVE;
				CLANG_CXX_LANGUAGE_STANDARD = "gnu++14";
				CLANG_CXX_LIBRARY = "libc++";
				CLANG_ENABLE_MODULES = YES;
				CLANG_ENABLE_OBJC_ARC = YES;
				CLANG_ENABLE_OBJC_WEAK = YES;
				CLANG_WARN_BLOCK_CAPTURE_AUTORELEASING = YES;
				CLANG_WARN_BOOL_CONVERSION = YES;
				CLANG_WARN_COMMA = YES;
				CLANG_WARN_CONSTANT_CONVERSION = YES;
				CLANG_WARN_DEPRECATED_OBJC_IMPLEMENTATIONS = YES;
				CLANG_WARN_DIRECT_OBJC_ISA_USAGE = YES_ERROR;
				CLANG_WARN_DOCUMENTATION_COMMENTS = YES;
				CLANG_WARN_EMPTY_BODY = YES;
				CLANG_WARN_ENUM_CONVERSION = YES;
				CLANG_WARN_INFINITE_RECURSION = YES;
				CLANG_WARN_INT_CONVERSION = YES;
				CLANG_WARN_NON_LITERAL_NULL_CONVERSION = YES;
				CLANG_WARN_OBJC_IMPLICIT_RETAIN_SELF = YES;
				CLANG_WARN_OBJC_LITERAL_CONVERSION = YES;
				CLANG_WARN_OBJC_ROOT_CLASS = YES_ERROR;
				CLANG_WARN_QUOTED_INCLUDE_IN_FRAMEWORK_HEADER = YES;
				CLANG_WARN_RANGE_LOOP_ANALYSIS = YES;
				CLANG_WARN_STRICT_PROTOTYPES = YES;
				CLANG_WARN_SUSPICIOUS_MOVE = YES;
				CLANG_WARN_UNGUARDED_AVAILABILITY = YES_AGGRESSIVE;
				CLANG_WARN_UNREACHABLE_CODE = YES;
				CLANG_WARN__DUPLICATE_METHOD_MATCH = YES;
				COPY_PHASE_STRIP = NO;
				DEBUG_INFORMATION_FORMAT = dwarf;
				ENABLE_STRICT_OBJC_MSGSEND = YES;
				ENABLE_TESTABILITY = YES;
				GCC_C_LANGUAGE_STANDARD = gnu11;
				GCC_DYNAMIC_NO_PIC = NO;
				GCC_NO_COMMON_BLOCKS = YES;
				GCC_OPTIMIZATION_LEVEL = 0;
				GCC_PREPROCESSOR_DEFINITIONS = (
					"DEBUG=1",
					"$(inherited)",
				);
				GCC_WARN_64_TO_32_BIT_CONVERSION = YES;
				GCC_WARN_ABOUT_RETURN_TYPE = YES_ERROR;
				GCC_WARN_UNDECLARED_SELECTOR = YES;
				GCC_WARN_UNINITIALIZED_AUTOS = YES_AGGRESSIVE;
				GCC_WARN_UNUSED_FUNCTION = YES;
				GCC_WARN_UNUSED_VARIABLE = YES;
				IPHONEOS_DEPLOYMENT_TARGET = 14.5;
				MTL_ENABLE_DEBUG_INFO = INCLUDE_SOURCE;
				MTL_FAST_MATH = YES;
				ONLY_ACTIVE_ARCH = YES;
				SDKROOT = iphoneos;
				SWIFT_ACTIVE_COMPILATION_CONDITIONS = DEBUG;
				SWIFT_OPTIMIZATION_LEVEL = "-Onone";
			};
			name = Debug;
		};
		D96151D4271A29800064282E /* Release */ = {
			isa = XCBuildConfiguration;
			buildSettings = {
				ALWAYS_SEARCH_USER_PATHS = NO;
				CLANG_ANALYZER_NONNULL = YES;
				CLANG_ANALYZER_NUMBER_OBJECT_CONVERSION = YES_AGGRESSIVE;
				CLANG_CXX_LANGUAGE_STANDARD = "gnu++14";
				CLANG_CXX_LIBRARY = "libc++";
				CLANG_ENABLE_MODULES = YES;
				CLANG_ENABLE_OBJC_ARC = YES;
				CLANG_ENABLE_OBJC_WEAK = YES;
				CLANG_WARN_BLOCK_CAPTURE_AUTORELEASING = YES;
				CLANG_WARN_BOOL_CONVERSION = YES;
				CLANG_WARN_COMMA = YES;
				CLANG_WARN_CONSTANT_CONVERSION = YES;
				CLANG_WARN_DEPRECATED_OBJC_IMPLEMENTATIONS = YES;
				CLANG_WARN_DIRECT_OBJC_ISA_USAGE = YES_ERROR;
				CLANG_WARN_DOCUMENTATION_COMMENTS = YES;
				CLANG_WARN_EMPTY_BODY = YES;
				CLANG_WARN_ENUM_CONVERSION = YES;
				CLANG_WARN_INFINITE_RECURSION = YES;
				CLANG_WARN_INT_CONVERSION = YES;
				CLANG_WARN_NON_LITERAL_NULL_CONVERSION = YES;
				CLANG_WARN_OBJC_IMPLICIT_RETAIN_SELF = YES;
				CLANG_WARN_OBJC_LITERAL_CONVERSION = YES;
				CLANG_WARN_OBJC_ROOT_CLASS = YES_ERROR;
				CLANG_WARN_QUOTED_INCLUDE_IN_FRAMEWORK_HEADER = YES;
				CLANG_WARN_RANGE_LOOP_ANALYSIS = YES;
				CLANG_WARN_STRICT_PROTOTYPES = YES;
				CLANG_WARN_SUSPICIOUS_MOVE = YES;
				CLANG_WARN_UNGUARDED_AVAILABILITY = YES_AGGRESSIVE;
				CLANG_WARN_UNREACHABLE_CODE = YES;
				CLANG_WARN__DUPLICATE_METHOD_MATCH = YES;
				COPY_PHASE_STRIP = NO;
				DEBUG_INFORMATION_FORMAT = "dwarf-with-dsym";
				ENABLE_NS_ASSERTIONS = NO;
				ENABLE_STRICT_OBJC_MSGSEND = YES;
				GCC_C_LANGUAGE_STANDARD = gnu11;
				GCC_NO_COMMON_BLOCKS = YES;
				GCC_WARN_64_TO_32_BIT_CONVERSION = YES;
				GCC_WARN_ABOUT_RETURN_TYPE = YES_ERROR;
				GCC_WARN_UNDECLARED_SELECTOR = YES;
				GCC_WARN_UNINITIALIZED_AUTOS = YES_AGGRESSIVE;
				GCC_WARN_UNUSED_FUNCTION = YES;
				GCC_WARN_UNUSED_VARIABLE = YES;
				IPHONEOS_DEPLOYMENT_TARGET = 14.5;
				MTL_ENABLE_DEBUG_INFO = NO;
				MTL_FAST_MATH = YES;
				SDKROOT = iphoneos;
				SWIFT_COMPILATION_MODE = wholemodule;
				SWIFT_OPTIMIZATION_LEVEL = "-O";
				VALIDATE_PRODUCT = YES;
			};
			name = Release;
		};
		D96151D6271A29800064282E /* Debug */ = {
			isa = XCBuildConfiguration;
			buildSettings = {
				ASSETCATALOG_COMPILER_APPICON_NAME = AppIcon;
				ASSETCATALOG_COMPILER_GLOBAL_ACCENT_COLOR_NAME = AccentColor;
				CODE_SIGN_STYLE = Automatic;
				DEVELOPMENT_TEAM = 76FAPH594B;
				INFOPLIST_FILE = THOUGHTS/Info.plist;
				LD_RUNPATH_SEARCH_PATHS = (
					"$(inherited)",
					"@executable_path/Frameworks",
				);
				PRODUCT_BUNDLE_IDENTIFIER = com.ginemandnermen.THOUGHTS;
				PRODUCT_NAME = "$(TARGET_NAME)";
				SWIFT_VERSION = 5.0;
				TARGETED_DEVICE_FAMILY = "1,2";
			};
			name = Debug;
		};
		D96151D7271A29800064282E /* Release */ = {
			isa = XCBuildConfiguration;
			buildSettings = {
				ASSETCATALOG_COMPILER_APPICON_NAME = AppIcon;
				ASSETCATALOG_COMPILER_GLOBAL_ACCENT_COLOR_NAME = AccentColor;
				CODE_SIGN_STYLE = Automatic;
				DEVELOPMENT_TEAM = 76FAPH594B;
				INFOPLIST_FILE = THOUGHTS/Info.plist;
				LD_RUNPATH_SEARCH_PATHS = (
					"$(inherited)",
					"@executable_path/Frameworks",
				);
				PRODUCT_BUNDLE_IDENTIFIER = com.ginemandnermen.THOUGHTS;
				PRODUCT_NAME = "$(TARGET_NAME)";
				SWIFT_VERSION = 5.0;
				TARGETED_DEVICE_FAMILY = "1,2";
			};
			name = Release;
		};
/* End XCBuildConfiguration section */

/* Begin XCConfigurationList section */
		D96151BC271A297E0064282E /* Build configuration list for PBXProject "THOUGHTS" */ = {
			isa = XCConfigurationList;
			buildConfigurations = (
				D96151D3271A29800064282E /* Debug */,
				D96151D4271A29800064282E /* Release */,
			);
			defaultConfigurationIsVisible = 0;
			defaultConfigurationName = Release;
		};
		D96151D5271A29800064282E /* Build configuration list for PBXNativeTarget "THOUGHTS" */ = {
			isa = XCConfigurationList;
			buildConfigurations = (
				D96151D6271A29800064282E /* Debug */,
				D96151D7271A29800064282E /* Release */,
			);
			defaultConfigurationIsVisible = 0;
			defaultConfigurationName = Release;
		};
/* End XCConfigurationList section */
	};
	rootObject = D96151B9271A297E0064282E /* Project object */;
}
